
Microsoft Visual Studio Solution File, Format Version 12.00
# Visual Studio Version 16
VisualStudioVersion = 16.0.29230.47
MinimumVisualStudioVersion = 10.0.40219.1
Project("{9A19103F-16F7-4668-BE54-9A1E7A4F7556}") = "QxA.Api", "QxA.Api\QxA.Api.csproj", "{46B5FF08-F3B5-4AC8-869E-94B7F2544C90}"
EndProject
Project("{FAE04EC0-301F-11D3-BF4B-00C04F79EFBC}") = "QxA.Test", "QxA.Test\QxA.Test.csproj", "{66BCC7F2-3D21-4CC1-B832-F52CA74C69EC}"
EndProject
Global
	GlobalSection(SolutionConfigurationPlatforms) = preSolution
		Debug|Any CPU = Debug|Any CPU
		Release|Any CPU = Release|Any CPU
	EndGlobalSection
	GlobalSection(ProjectConfigurationPlatforms) = postSolution
		{46B5FF08-F3B5-4AC8-869E-94B7F2544C90}.Debug|Any CPU.ActiveCfg = Debug|Any CPU
		{46B5FF08-F3B5-4AC8-869E-94B7F2544C90}.Debug|Any CPU.Build.0 = Debug|Any CPU
		{46B5FF08-F3B5-4AC8-869E-94B7F2544C90}.Release|Any CPU.ActiveCfg = Release|Any CPU
		{46B5FF08-F3B5-4AC8-869E-94B7F2544C90}.Release|Any CPU.Build.0 = Release|Any CPU
		{66BCC7F2-3D21-4CC1-B832-F52CA74C69EC}.Debug|Any CPU.ActiveCfg = Debug|Any CPU
		{66BCC7F2-3D21-4CC1-B832-F52CA74C69EC}.Debug|Any CPU.Build.0 = Debug|Any CPU
		{66BCC7F2-3D21-4CC1-B832-F52CA74C69EC}.Release|Any CPU.ActiveCfg = Release|Any CPU
		{66BCC7F2-3D21-4CC1-B832-F52CA74C69EC}.Release|Any CPU.Build.0 = Release|Any CPU
	EndGlobalSection
	GlobalSection(SolutionProperties) = preSolution
		HideSolutionNode = FALSE
	EndGlobalSection
	GlobalSection(ExtensibilityGlobals) = postSolution
		SolutionGuid = {4A486505-2260-4DA4-B038-D981E184A528}
	EndGlobalSection
EndGlobal
